
Microsoft Visual Studio Solution File, Format Version 12.00
# Visual Studio Version 17
VisualStudioVersion = 17.10.34928.147
MinimumVisualStudioVersion = 10.0.40219.1
Project("{FAE04EC0-301F-11D3-BF4B-00C04F79EFBC}") = "codility sample smallest positive not present", "codility sample smallest positive not present\codility sample smallest positive not present.csproj", "{1821714A-715A-4F85-9C2A-1FA2E0BFF755}"
EndProject
Global
	GlobalSection(SolutionConfigurationPlatforms) = preSolution
		Debug|Any CPU = Debug|Any CPU
		Release|Any CPU = Release|Any CPU
	EndGlobalSection
	GlobalSection(ProjectConfigurationPlatforms) = postSolution
		{1821714A-715A-4F85-9C2A-1FA2E0BFF755}.Debug|Any CPU.ActiveCfg = Debug|Any CPU
		{1821714A-715A-4F85-9C2A-1FA2E0BFF755}.Debug|Any CPU.Build.0 = Debug|Any CPU
		{1821714A-715A-4F85-9C2A-1FA2E0BFF755}.Release|Any CPU.ActiveCfg = Release|Any CPU
		{1821714A-715A-4F85-9C2A-1FA2E0BFF755}.Release|Any CPU.Build.0 = Release|Any CPU
	EndGlobalSection
	GlobalSection(SolutionProperties) = preSolution
		HideSolutionNode = FALSE
	EndGlobalSection
	GlobalSection(ExtensibilityGlobals) = postSolution
		SolutionGuid = {930CFF06-B211-44C5-9D0F-AB1130D69D0B}
	EndGlobalSection
EndGlobal
